
Microsoft Visual Studio Solution File, Format Version 12.00
# Visual Studio Version 17
VisualStudioVersion = 17.5.002.0
MinimumVisualStudioVersion = 10.0.40219.1
Project("{9A19103F-16F7-4668-BE54-9A1E7A4F7556}") = "SciQuery-Lab", "src\SciQuery-Lab.csproj", "{2EC54F11-974E-4CD1-8676-E0559B353059}"
EndProject
Global
	GlobalSection(SolutionConfigurationPlatforms) = preSolution
		Debug|Any CPU = Debug|Any CPU
		Release|Any CPU = Release|Any CPU
	EndGlobalSection
	GlobalSection(ProjectConfigurationPlatforms) = postSolution
		{2EC54F11-974E-4CD1-8676-E0559B353059}.Debug|Any CPU.ActiveCfg = Debug|Any CPU
		{2EC54F11-974E-4CD1-8676-E0559B353059}.Debug|Any CPU.Build.0 = Debug|Any CPU
		{2EC54F11-974E-4CD1-8676-E0559B353059}.Release|Any CPU.ActiveCfg = Release|Any CPU
		{2EC54F11-974E-4CD1-8676-E0559B353059}.Release|Any CPU.Build.0 = Release|Any CPU
	EndGlobalSection
	GlobalSection(SolutionProperties) = preSolution
		HideSolutionNode = FALSE
	EndGlobalSection
	GlobalSection(ExtensibilityGlobals) = postSolution
		SolutionGuid = {8F55F19A-1CD2-4B5E-96EB-FA5CD962F435}
	EndGlobalSection
EndGlobal
